{
  "nodes": {
    "nixpkgs": {
      "locked": {
        "lastModified": 1700230496,
        "narHash": "sha256-pl8PLUQLigZgFZrafIXs2djne5kboimK6MYsZN8Ywtg=",
        "owner": "nixos",
        "repo": "nixpkgs",
        "rev": "a71323f68d4377d12c04a5410e214495ec598d4c",
        "type": "github"
      },
      "original": {
        "owner": "nixos",
        "repo": "nixpkgs",
        "rev": "a71323f68d4377d12c04a5410e214495ec598d4c",
        "type": "github"
      }
    },
    "root": {
      "inputs": {
        "nixpkgs": "nixpkgs"
      }
    }
  },
  "root": "root",
  "version": 7
}
