github.com/NodePassProject/cert v1.0.0 h1:cBNNvR+ja22AgNlUmeGWLcCM1vmnLTqpbCQ4Hdn5was=
github.com/NodePassProject/cert v1.0.0/go.mod h1:4EJDS3GozJ74dtICJ/xcq42WKKvF0tiTM9/M7Q9NF9c=
github.com/NodePassProject/conn v1.0.3 h1:yw9rimaOMvQYF2kzMD9a5MfvJ+US7AOFinyx+QbdX78=
github.com/NodePassProject/conn v1.0.3/go.mod h1:mWe3Rylunp6Sx4v6pkSGgYZe2R+I/O+7nZ2od0yJ3aQ=
github.com/NodePassProject/logs v1.0.2 h1:z4b+jAMHtVJoBb2tsD58gVa/9ftd1Dy6DXHrS4IgafM=
github.com/NodePassProject/logs v1.0.2/go.mod h1:ocFTMNXBTnQFJFAhF+qobAzu7+y+wYPik7D+a1jPfis=
github.com/NodePassProject/pool v1.0.18 h1:urZeotSjcVdzoZDBDPOGNt/NtH1Ngxlj60ByF2ZsvY0=
github.com/NodePassProject/pool v1.0.18/go.mod h1:kdRAEDK45j/+iHH4kRTpXt/wI28NIguJ13n/5NDXxkw=
