github.com/NodePassProject/conn v1.1.0 h1:LfHdsIbYzbhrySJlapp3CD/d/KAY9J0k55K/euuB+Oc=
github.com/NodePassProject/conn v1.1.0/go.mod h1:aKRzuZAT55Ru04quTq4tKie/lNzO+VCsC9A6hX30fYQ=
github.com/NodePassProject/logs v1.1.0 h1:cjL5OHBMCoMYbpifK6YwtkE0vNrhQYiYuwEGLvAChm8=
github.com/NodePassProject/logs v1.1.0/go.mod h1:MyIUuNN1UhermLCUXhb9ddzijpa9AIu4zqOjyVZvIOI=
github.com/NodePassProject/nph2 v1.1.0 h1:cIdC4Mwk9G3n6TAh81sMuKYIt2J1/RZ8VBdNfWYeVAo=
github.com/NodePassProject/nph2 v1.1.0/go.mod h1:y4Jmq33RIgNBQqtgPm5+IYZse2+cxrlnsi0P4waKzJk=
github.com/NodePassProject/npws v1.1.0 h1:wi6F7UZgWgycWdnDfLznW4aaqSYdln5ZyN4B+/pf0f4=
github.com/NodePassProject/npws v1.1.0/go.mod h1:6jLkh7nz+/C5f2uc2RIOhm0HUzXoarXdSJw+P1i4izQ=
github.com/NodePassProject/pool v1.1.0 h1:xH+tBMnI1c8vW4glS2zKUaN9oxgNBiXttmnLlyYNCWg=
github.com/NodePassProject/pool v1.1.0/go.mod h1:SCM9h8wQniTxL+yK2+rbD/lcvU2QTEwPaZaC6+/DiWY=
github.com/NodePassProject/quic v1.1.0 h1:Y9c0n2uaOkvugToYwQz9vj1zKz2PrXNLiPWgUCfBVKc=
github.com/NodePassProject/quic v1.1.0/go.mod h1:ZRFcnZBHsdbl+VMoQtIomA+9W7tFWK9VRB3PelqD6no=
github.com/coder/websocket v1.8.14 h1:9L0p0iKiNOibykf283eHkKUHHrpG7f65OE3BhhO7v9g=
github.com/coder/websocket v1.8.14/go.mod h1:NX3SzP+inril6yawo5CQXx8+fk145lPDC6pumgx0mVg=
github.com/davecgh/go-spew v1.1.1 h1:vj9j/u1bqnvCEfJOwUhtlOARqs3+rkHYY13jYWTU97c=
github.com/davecgh/go-spew v1.1.1/go.mod h1:J7Y8YcW2NihsgmVo/mv3lAwl/skON4iLHjSsI+c5H38=
github.com/pmezard/go-difflib v1.0.0 h1:4DBwDE0NGyQoBHbLQYPwSUPoCMWR5BEzIk/f1lZbAQM=
github.com/pmezard/go-difflib v1.0.0/go.mod h1:iKH77koFhYxTK1pcRnkKkqfTogsbg7gZNVY4sRDYZ/4=
github.com/quic-go/quic-go v0.59.0 h1:OLJkp1Mlm/aS7dpKgTc6cnpynnD2Xg7C1pwL6vy/SAw=
github.com/quic-go/quic-go v0.59.0/go.mod h1:upnsH4Ju1YkqpLXC305eW3yDZ4NfnNbmQRCMWS58IKU=
github.com/stretchr/testify v1.11.1 h1:7s2iGBzp5EwR7/aIZr8ao5+dra3wiQyKjjFuvgVKu7U=
github.com/stretchr/testify v1.11.1/go.mod h1:wZwfW3scLgRK+23gO65QZefKpKQRnfz6sD981Nm4B6U=
go.uber.org/mock v0.5.2 h1:LbtPTcP8A5k9WPXj54PPPbjcI4Y6lhyOZXn+VS7wNko=
go.uber.org/mock v0.5.2/go.mod h1:wLlUxC2vVTPTaE3UD51E0BGOAElKrILxhVSDYQLld5o=
golang.org/x/crypto v0.47.0 h1:V6e3FRj+n4dbpw86FJ8Fv7XVOql7TEwpHapKoMJ/GO8=
golang.org/x/crypto v0.47.0/go.mod h1:ff3Y9VzzKbwSSEzWqJsJVBnWmRwRSHt/6Op5n9bQc4A=
golang.org/x/net v0.49.0 h1:eeHFmOGUTtaaPSGNmjBKpbng9MulQsJURQUAfUwY++o=
golang.org/x/net v0.49.0/go.mod h1:/ysNB2EvaqvesRkuLAyjI1ycPZlQHM3q01F02UY/MV8=
golang.org/x/sys v0.40.0 h1:DBZZqJ2Rkml6QMQsZywtnjnnGvHza6BTfYFWY9kjEWQ=
golang.org/x/sys v0.40.0/go.mod h1:OgkHotnGiDImocRcuBABYBEXf8A9a87e/uXjp9XT3ks=
golang.org/x/text v0.33.0 h1:B3njUFyqtHDUI5jMn1YIr5B0IE2U0qck04r6d4KPAxE=
golang.org/x/text v0.33.0/go.mod h1:LuMebE6+rBincTi9+xWTY8TztLzKHc/9C1uBCG27+q8=
gopkg.in/yaml.v3 v3.0.1 h1:fxVm/GzAzEWqLHuvctI91KS9hhNmmWOoWu0XTYJS7CA=
gopkg.in/yaml.v3 v3.0.1/go.mod h1:K4uyk7z7BCEPqu6E+C64Yfv1cQ7kz7rIZviUmN+EgEM=
