github.com/NodePassProject/cert v1.0.1 h1:BDy2tTOudy6yk7hvcmScAJMw4NrpCdSCsbuu7hHsIuw=
github.com/NodePassProject/cert v1.0.1/go.mod h1:wP7joOJeQAIlIuOUmhHPwMExjuwGa4XApMWQYChGSrk=
github.com/NodePassProject/conn v1.0.16 h1:ojHfyBveZMcyOikdUs1SOW4yKp92NOBnNhfNenLYljc=
github.com/NodePassProject/conn v1.0.16/go.mod h1:xfQ7ZLUxrtdLsljGHYYCToW+Hdg6DAbmL1Cs94n5h6E=
github.com/NodePassProject/logs v1.0.3 h1:CDUZVQ477vmmFQHazrQCWM0gJPNINm0C2N3FzC4jVyw=
github.com/NodePassProject/logs v1.0.3/go.mod h1:TwtPXOzLtb8iH+fdduQjEEywICXivsM39cy9AinMSks=
github.com/NodePassProject/pool v1.0.49 h1:gktVmE+GsQ0/C0MF8qgRraR7eS3na4k0QrQfR6o4fkM=
github.com/NodePassProject/pool v1.0.49/go.mod h1:joQFk1oocg56QpJ1QK/2g5Jv/AyqYUQgPXMG1gWe8iA=
