
Microsoft Visual Studio Solution File, Format Version 12.00
# Visual Studio Version 17
VisualStudioVersion = 17.13.35806.99
MinimumVisualStudioVersion = 15.0.26124.0
Project("{9A19103F-16F7-4668-BE54-9A1E7A4F7556}") = "Console", "Examples\Console\Console.csproj", "{89D41D90-8667-4296-8069-E00EAA1F61E4}"
EndProject
Project("{2150E333-8FDC-42A3-9474-1A3956D46DE8}") = "Examples", "Examples", "{D7D92D6D-E61E-4975-9DDE-16BC0E6DD55A}"
EndProject
Project("{9A19103F-16F7-4668-BE54-9A1E7A4F7556}") = "Wpf", "Examples\Wpf\Wpf.csproj", "{F457AEAE-1E7E-4D63-BAF5-90B60C8D5420}"
EndProject
Project("{9A19103F-16F7-4668-BE54-9A1E7A4F7556}") = "WinForms", "Examples\WinForms\WinForms.csproj", "{EF612B3C-55AF-4508-9904-3EBF889A1AC7}"
EndProject
Project("{9A19103F-16F7-4668-BE54-9A1E7A4F7556}") = "AvaloniaApp", "Examples\Avalonia\AvaloniaApp.csproj", "{B9ECAEBA-F074-49B6-B090-18744118F7D3}"
EndProject
Project("{FAE04EC0-301F-11D3-BF4B-00C04F79EFBC}") = "GlobalHotKeys", "GlobalHotKeys\GlobalHotKeys.csproj", "{6B4C4A20-1AB3-40BB-8437-E840E4DF4978}"
EndProject
Project("{FAE04EC0-301F-11D3-BF4B-00C04F79EFBC}") = "GlobalHotKeys.Test", "GlobalHotKeys.Test\GlobalHotKeys.Test.csproj", "{AB55C5E6-A696-4B4B-9227-3869CF692C6A}"
EndProject
Global
	GlobalSection(SolutionConfigurationPlatforms) = preSolution
		Debug|Any CPU = Debug|Any CPU
		Debug|x64 = Debug|x64
		Debug|x86 = Debug|x86
		Release|Any CPU = Release|Any CPU
		Release|x64 = Release|x64
		Release|x86 = Release|x86
	EndGlobalSection
	GlobalSection(ProjectConfigurationPlatforms) = postSolution
		{89D41D90-8667-4296-8069-E00EAA1F61E4}.Debug|Any CPU.ActiveCfg = Debug|Any CPU
		{89D41D90-8667-4296-8069-E00EAA1F61E4}.Debug|Any CPU.Build.0 = Debug|Any CPU
		{89D41D90-8667-4296-8069-E00EAA1F61E4}.Debug|x64.ActiveCfg = Debug|Any CPU
		{89D41D90-8667-4296-8069-E00EAA1F61E4}.Debug|x64.Build.0 = Debug|Any CPU
		{89D41D90-8667-4296-8069-E00EAA1F61E4}.Debug|x86.ActiveCfg = Debug|Any CPU
		{89D41D90-8667-4296-8069-E00EAA1F61E4}.Debug|x86.Build.0 = Debug|Any CPU
		{89D41D90-8667-4296-8069-E00EAA1F61E4}.Release|Any CPU.ActiveCfg = Release|Any CPU
		{89D41D90-8667-4296-8069-E00EAA1F61E4}.Release|Any CPU.Build.0 = Release|Any CPU
		{89D41D90-8667-4296-8069-E00EAA1F61E4}.Release|x64.ActiveCfg = Release|Any CPU
		{89D41D90-8667-4296-8069-E00EAA1F61E4}.Release|x64.Build.0 = Release|Any CPU
		{89D41D90-8667-4296-8069-E00EAA1F61E4}.Release|x86.ActiveCfg = Release|Any CPU
		{89D41D90-8667-4296-8069-E00EAA1F61E4}.Release|x86.Build.0 = Release|Any CPU
		{F457AEAE-1E7E-4D63-BAF5-90B60C8D5420}.Debug|Any CPU.ActiveCfg = Debug|Any CPU
		{F457AEAE-1E7E-4D63-BAF5-90B60C8D5420}.Debug|Any CPU.Build.0 = Debug|Any CPU
		{F457AEAE-1E7E-4D63-BAF5-90B60C8D5420}.Debug|x64.ActiveCfg = Debug|Any CPU
		{F457AEAE-1E7E-4D63-BAF5-90B60C8D5420}.Debug|x64.Build.0 = Debug|Any CPU
		{F457AEAE-1E7E-4D63-BAF5-90B60C8D5420}.Debug|x86.ActiveCfg = Debug|Any CPU
		{F457AEAE-1E7E-4D63-BAF5-90B60C8D5420}.Debug|x86.Build.0 = Debug|Any CPU
		{F457AEAE-1E7E-4D63-BAF5-90B60C8D5420}.Release|Any CPU.ActiveCfg = Release|Any CPU
		{F457AEAE-1E7E-4D63-BAF5-90B60C8D5420}.Release|Any CPU.Build.0 = Release|Any CPU
		{F457AEAE-1E7E-4D63-BAF5-90B60C8D5420}.Release|x64.ActiveCfg = Release|Any CPU
		{F457AEAE-1E7E-4D63-BAF5-90B60C8D5420}.Release|x64.Build.0 = Release|Any CPU
		{F457AEAE-1E7E-4D63-BAF5-90B60C8D5420}.Release|x86.ActiveCfg = Release|Any CPU
		{F457AEAE-1E7E-4D63-BAF5-90B60C8D5420}.Release|x86.Build.0 = Release|Any CPU
		{EF612B3C-55AF-4508-9904-3EBF889A1AC7}.Debug|Any CPU.ActiveCfg = Debug|Any CPU
		{EF612B3C-55AF-4508-9904-3EBF889A1AC7}.Debug|Any CPU.Build.0 = Debug|Any CPU
		{EF612B3C-55AF-4508-9904-3EBF889A1AC7}.Debug|x64.ActiveCfg = Debug|Any CPU
		{EF612B3C-55AF-4508-9904-3EBF889A1AC7}.Debug|x64.Build.0 = Debug|Any CPU
		{EF612B3C-55AF-4508-9904-3EBF889A1AC7}.Debug|x86.ActiveCfg = Debug|Any CPU
		{EF612B3C-55AF-4508-9904-3EBF889A1AC7}.Debug|x86.Build.0 = Debug|Any CPU
		{EF612B3C-55AF-4508-9904-3EBF889A1AC7}.Release|Any CPU.ActiveCfg = Release|Any CPU
		{EF612B3C-55AF-4508-9904-3EBF889A1AC7}.Release|Any CPU.Build.0 = Release|Any CPU
		{EF612B3C-55AF-4508-9904-3EBF889A1AC7}.Release|x64.ActiveCfg = Release|Any CPU
		{EF612B3C-55AF-4508-9904-3EBF889A1AC7}.Release|x64.Build.0 = Release|Any CPU
		{EF612B3C-55AF-4508-9904-3EBF889A1AC7}.Release|x86.ActiveCfg = Release|Any CPU
		{EF612B3C-55AF-4508-9904-3EBF889A1AC7}.Release|x86.Build.0 = Release|Any CPU
		{B9ECAEBA-F074-49B6-B090-18744118F7D3}.Debug|Any CPU.ActiveCfg = Debug|Any CPU
		{B9ECAEBA-F074-49B6-B090-18744118F7D3}.Debug|Any CPU.Build.0 = Debug|Any CPU
		{B9ECAEBA-F074-49B6-B090-18744118F7D3}.Debug|x64.ActiveCfg = Debug|Any CPU
		{B9ECAEBA-F074-49B6-B090-18744118F7D3}.Debug|x64.Build.0 = Debug|Any CPU
		{B9ECAEBA-F074-49B6-B090-18744118F7D3}.Debug|x86.ActiveCfg = Debug|Any CPU
		{B9ECAEBA-F074-49B6-B090-18744118F7D3}.Debug|x86.Build.0 = Debug|Any CPU
		{B9ECAEBA-F074-49B6-B090-18744118F7D3}.Release|Any CPU.ActiveCfg = Release|Any CPU
		{B9ECAEBA-F074-49B6-B090-18744118F7D3}.Release|Any CPU.Build.0 = Release|Any CPU
		{B9ECAEBA-F074-49B6-B090-18744118F7D3}.Release|x64.ActiveCfg = Release|Any CPU
		{B9ECAEBA-F074-49B6-B090-18744118F7D3}.Release|x64.Build.0 = Release|Any CPU
		{B9ECAEBA-F074-49B6-B090-18744118F7D3}.Release|x86.ActiveCfg = Release|Any CPU
		{B9ECAEBA-F074-49B6-B090-18744118F7D3}.Release|x86.Build.0 = Release|Any CPU
		{6B4C4A20-1AB3-40BB-8437-E840E4DF4978}.Debug|Any CPU.ActiveCfg = Debug|Any CPU
		{6B4C4A20-1AB3-40BB-8437-E840E4DF4978}.Debug|Any CPU.Build.0 = Debug|Any CPU
		{6B4C4A20-1AB3-40BB-8437-E840E4DF4978}.Debug|x64.ActiveCfg = Debug|Any CPU
		{6B4C4A20-1AB3-40BB-8437-E840E4DF4978}.Debug|x64.Build.0 = Debug|Any CPU
		{6B4C4A20-1AB3-40BB-8437-E840E4DF4978}.Debug|x86.ActiveCfg = Debug|Any CPU
		{6B4C4A20-1AB3-40BB-8437-E840E4DF4978}.Debug|x86.Build.0 = Debug|Any CPU
		{6B4C4A20-1AB3-40BB-8437-E840E4DF4978}.Release|Any CPU.ActiveCfg = Release|Any CPU
		{6B4C4A20-1AB3-40BB-8437-E840E4DF4978}.Release|Any CPU.Build.0 = Release|Any CPU
		{6B4C4A20-1AB3-40BB-8437-E840E4DF4978}.Release|x64.ActiveCfg = Release|Any CPU
		{6B4C4A20-1AB3-40BB-8437-E840E4DF4978}.Release|x64.Build.0 = Release|Any CPU
		{6B4C4A20-1AB3-40BB-8437-E840E4DF4978}.Release|x86.ActiveCfg = Release|Any CPU
		{6B4C4A20-1AB3-40BB-8437-E840E4DF4978}.Release|x86.Build.0 = Release|Any CPU
		{AB55C5E6-A696-4B4B-9227-3869CF692C6A}.Debug|Any CPU.ActiveCfg = Debug|Any CPU
		{AB55C5E6-A696-4B4B-9227-3869CF692C6A}.Debug|Any CPU.Build.0 = Debug|Any CPU
		{AB55C5E6-A696-4B4B-9227-3869CF692C6A}.Debug|x64.ActiveCfg = Debug|Any CPU
		{AB55C5E6-A696-4B4B-9227-3869CF692C6A}.Debug|x64.Build.0 = Debug|Any CPU
		{AB55C5E6-A696-4B4B-9227-3869CF692C6A}.Debug|x86.ActiveCfg = Debug|Any CPU
		{AB55C5E6-A696-4B4B-9227-3869CF692C6A}.Debug|x86.Build.0 = Debug|Any CPU
		{AB55C5E6-A696-4B4B-9227-3869CF692C6A}.Release|Any CPU.ActiveCfg = Release|Any CPU
		{AB55C5E6-A696-4B4B-9227-3869CF692C6A}.Release|Any CPU.Build.0 = Release|Any CPU
		{AB55C5E6-A696-4B4B-9227-3869CF692C6A}.Release|x64.ActiveCfg = Release|Any CPU
		{AB55C5E6-A696-4B4B-9227-3869CF692C6A}.Release|x64.Build.0 = Release|Any CPU
		{AB55C5E6-A696-4B4B-9227-3869CF692C6A}.Release|x86.ActiveCfg = Release|Any CPU
		{AB55C5E6-A696-4B4B-9227-3869CF692C6A}.Release|x86.Build.0 = Release|Any CPU
	EndGlobalSection
	GlobalSection(SolutionProperties) = preSolution
		HideSolutionNode = FALSE
	EndGlobalSection
	GlobalSection(NestedProjects) = preSolution
		{89D41D90-8667-4296-8069-E00EAA1F61E4} = {D7D92D6D-E61E-4975-9DDE-16BC0E6DD55A}
		{F457AEAE-1E7E-4D63-BAF5-90B60C8D5420} = {D7D92D6D-E61E-4975-9DDE-16BC0E6DD55A}
		{EF612B3C-55AF-4508-9904-3EBF889A1AC7} = {D7D92D6D-E61E-4975-9DDE-16BC0E6DD55A}
		{B9ECAEBA-F074-49B6-B090-18744118F7D3} = {D7D92D6D-E61E-4975-9DDE-16BC0E6DD55A}
	EndGlobalSection
	GlobalSection(ExtensibilityGlobals) = postSolution
		SolutionGuid = {039AB64E-4086-4C37-84E2-90C80AFDAB9E}
	EndGlobalSection
EndGlobal
